
Microsoft Visual Studio Solution File, Format Version 12.00
# Visual Studio Version 17
VisualStudioVersion = 17.14.36310.24
MinimumVisualStudioVersion = 10.0.40219.1
Project("{8BC9CEB8-8B4A-11D0-8D11-00A0C91BC942}") = "ClientGame", "ClientGame\ClientGame.vcxproj", "{6E0691C7-7BAF-4A8C-885A-6F37A962E34A}"
	ProjectSection(ProjectDependencies) = postProject
		{863029D6-C616-4F83-935D-A15719244610} = {863029D6-C616-4F83-935D-A15719244610}
	EndProjectSection
EndProject
Project("{2150E333-8FDC-42A3-9474-1A3956D46DE8}") = "솔루션 항목", "솔루션 항목", "{2A3A057F-5D22-31FD-628C-DF5EF75AEF1E}"
	ProjectSection(SolutionItems) = preProject
		Assets\Images\AmongUs.txt = Assets\Images\AmongUs.txt
		Assets\Maps\chunk_0_0.txt = Assets\Maps\chunk_0_0.txt
		Settings\EngineSettings.txt = Settings\EngineSettings.txt
		Assets\Images\Ghost.txt = Assets\Images\Ghost.txt
		Assets\Colors\GhostColors.txt = Assets\Colors\GhostColors.txt
		Assets\Images\GrassBlock.txt = Assets\Images\GrassBlock.txt
		Assets\Colors\GrassBlockBgColors.txt = Assets\Colors\GrassBlockBgColors.txt
		Assets\Colors\GrassBlockFgColors.txt = Assets\Colors\GrassBlockFgColors.txt
		Assets\Images\GroundBlock.txt = Assets\Images\GroundBlock.txt
		Assets\Colors\GroundBlockBgColors.txt = Assets\Colors\GroundBlockBgColors.txt
		Assets\Colors\GroundBlockFgColors.txt = Assets\Colors\GroundBlockFgColors.txt
		Assets\Images\InventoryUI.txt = Assets\Images\InventoryUI.txt
		Assets\Colors\InventoryUIBgColors.txt = Assets\Colors\InventoryUIBgColors.txt
		Assets\Colors\InventoryUIFgColors.txt = Assets\Colors\InventoryUIFgColors.txt
		Assets\Images\Item.txt = Assets\Images\Item.txt
		Assets\Colors\ItemBgColors.txt = Assets\Colors\ItemBgColors.txt
		Assets\Colors\ItemFgColors.txt = Assets\Colors\ItemFgColors.txt
		Assets\Images\MainTitle.txt = Assets\Images\MainTitle.txt
		Assets\Colors\MainTitleColors.txt = Assets\Colors\MainTitleColors.txt
		Assets\Images\MenuTitle.txt = Assets\Images\MenuTitle.txt
		Assets\Colors\MenuTitleColors.txt = Assets\Colors\MenuTitleColors.txt
		Assets\Colors\PlayerFgColors.txt = Assets\Colors\PlayerFgColors.txt
	EndProjectSection
EndProject
Project("{8BC9CEB8-8B4A-11D0-8D11-00A0C91BC942}") = "Engine", "Engine\Engine.vcxproj", "{863029D6-C616-4F83-935D-A15719244610}"
EndProject
Global
	GlobalSection(SolutionConfigurationPlatforms) = preSolution
		Debug|x64 = Debug|x64
		Debug|x86 = Debug|x86
		Release|x64 = Release|x64
		Release|x86 = Release|x86
	EndGlobalSection
	GlobalSection(ProjectConfigurationPlatforms) = postSolution
		{6E0691C7-7BAF-4A8C-885A-6F37A962E34A}.Debug|x64.ActiveCfg = Debug|x64
		{6E0691C7-7BAF-4A8C-885A-6F37A962E34A}.Debug|x64.Build.0 = Debug|x64
		{6E0691C7-7BAF-4A8C-885A-6F37A962E34A}.Debug|x86.ActiveCfg = Debug|Win32
		{6E0691C7-7BAF-4A8C-885A-6F37A962E34A}.Debug|x86.Build.0 = Debug|Win32
		{6E0691C7-7BAF-4A8C-885A-6F37A962E34A}.Release|x64.ActiveCfg = Release|x64
		{6E0691C7-7BAF-4A8C-885A-6F37A962E34A}.Release|x64.Build.0 = Release|x64
		{6E0691C7-7BAF-4A8C-885A-6F37A962E34A}.Release|x86.ActiveCfg = Release|Win32
		{6E0691C7-7BAF-4A8C-885A-6F37A962E34A}.Release|x86.Build.0 = Release|Win32
		{863029D6-C616-4F83-935D-A15719244610}.Debug|x64.ActiveCfg = Debug|x64
		{863029D6-C616-4F83-935D-A15719244610}.Debug|x64.Build.0 = Debug|x64
		{863029D6-C616-4F83-935D-A15719244610}.Debug|x86.ActiveCfg = Debug|Win32
		{863029D6-C616-4F83-935D-A15719244610}.Debug|x86.Build.0 = Debug|Win32
		{863029D6-C616-4F83-935D-A15719244610}.Release|x64.ActiveCfg = Release|x64
		{863029D6-C616-4F83-935D-A15719244610}.Release|x64.Build.0 = Release|x64
		{863029D6-C616-4F83-935D-A15719244610}.Release|x86.ActiveCfg = Release|Win32
		{863029D6-C616-4F83-935D-A15719244610}.Release|x86.Build.0 = Release|Win32
	EndGlobalSection
	GlobalSection(SolutionProperties) = preSolution
		HideSolutionNode = FALSE
	EndGlobalSection
	GlobalSection(ExtensibilityGlobals) = postSolution
		SolutionGuid = {8F944747-CD7D-4129-8947-D74461283721}
	EndGlobalSection
EndGlobal
